// !$*UTF8*$!
{
	archiveVersion = 1;
	classes = {
	};
	objectVersion = 55;
	objects = {

/* Begin PBXBuildFile section */
		55F4DB252748A97E001C400B /* AppDelegate.swift in Sources */ = {isa = PBXBuildFile; fileRef = 55F4DB242748A97E001C400B /* AppDelegate.swift */; };
		55F4DB272748A97E001C400B /* SceneDelegate.swift in Sources */ = {isa = PBXBuildFile; fileRef = 55F4DB262748A97E001C400B /* SceneDelegate.swift */; };
		55F4DB292748A97E001C400B /* ViewController.swift in Sources */ = {isa = PBXBuildFile; fileRef = 55F4DB282748A97E001C400B /* ViewController.swift */; };
		55F4DB2C2748A97E001C400B /* Main.storyboard in Resources */ = {isa = PBXBuildFile; fileRef = 55F4DB2A2748A97E001C400B /* Main.storyboard */; };
		55F4DB2F2748A97E001C400B /* Hackathon.xcdatamodeld in Sources */ = {isa = PBXBuildFile; fileRef = 55F4DB2D2748A97E001C400B /* Hackathon.xcdatamodeld */; };
		55F4DB312748A97F001C400B /* Assets.xcassets in Resources */ = {isa = PBXBuildFile; fileRef = 55F4DB302748A97F001C400B /* Assets.xcassets */; };
		55F4DB342748A97F001C400B /* LaunchScreen.storyboard in Resources */ = {isa = PBXBuildFile; fileRef = 55F4DB322748A97F001C400B /* LaunchScreen.storyboard */; };
		55F4DB3F2748A97F001C400B /* HackathonTests.swift in Sources */ = {isa = PBXBuildFile; fileRef = 55F4DB3E2748A97F001C400B /* HackathonTests.swift */; };
		55F4DB492748A97F001C400B /* HackathonUITests.swift in Sources */ = {isa = PBXBuildFile; fileRef = 55F4DB482748A97F001C400B /* HackathonUITests.swift */; };
		55F4DB4B2748A97F001C400B /* HackathonUITestsLaunchTests.swift in Sources */ = {isa = PBXBuildFile; fileRef = 55F4DB4A2748A97F001C400B /* HackathonUITestsLaunchTests.swift */; };
/* End PBXBuildFile section */

/* Begin PBXContainerItemProxy section */
		55F4DB3B2748A97F001C400B /* PBXContainerItemProxy */ = {
			isa = PBXContainerItemProxy;
			containerPortal = 55F4DB192748A97E001C400B /* Project object */;
			proxyType = 1;
			remoteGlobalIDString = 55F4DB202748A97E001C400B;
			remoteInfo = Hackathon;
		};
		55F4DB452748A97F001C400B /* PBXContainerItemProxy */ = {
			isa = PBXContainerItemProxy;
			containerPortal = 55F4DB192748A97E001C400B /* Project object */;
			proxyType = 1;
			remoteGlobalIDString = 55F4DB202748A97E001C400B;
			remoteInfo = Hackathon;
		};
/* End PBXContainerItemProxy section */

/* Begin PBXFileReference section */
		55F4DB212748A97E001C400B /* Hackathon.app */ = {isa = PBXFileReference; explicitFileType = wrapper.application; includeInIndex = 0; path = Hackathon.app; sourceTree = BUILT_PRODUCTS_DIR; };
		55F4DB242748A97E001C400B /* AppDelegate.swift */ = {isa = PBXFileReference; lastKnownFileType = sourcecode.swift; path = AppDelegate.swift; sourceTree = "<group>"; };
		55F4DB262748A97E001C400B /* SceneDelegate.swift */ = {isa = PBXFileReference; lastKnownFileType = sourcecode.swift; path = SceneDelegate.swift; sourceTree = "<group>"; };
		55F4DB282748A97E001C400B /* ViewController.swift */ = {isa = PBXFileReference; lastKnownFileType = sourcecode.swift; path = ViewController.swift; sourceTree = "<group>"; };
		55F4DB2B2748A97E001C400B /* Base */ = {isa = PBXFileReference; lastKnownFileType = file.storyboard; name = Base; path = Base.lproj/Main.storyboard; sourceTree = "<group>"; };
		55F4DB2E2748A97E001C400B /* Hackathon.xcdatamodel */ = {isa = PBXFileReference; lastKnownFileType = wrapper.xcdatamodel; path = Hackathon.xcdatamodel; sourceTree = "<group>"; };
		55F4DB302748A97F001C400B /* Assets.xcassets */ = {isa = PBXFileReference; lastKnownFileType = folder.assetcatalog; path = Assets.xcassets; sourceTree = "<group>"; };
		55F4DB332748A97F001C400B /* Base */ = {isa = PBXFileReference; lastKnownFileType = file.storyboard; name = Base; path = Base.lproj/LaunchScreen.storyboard; sourceTree = "<group>"; };
		55F4DB352748A97F001C400B /* Info.plist */ = {isa = PBXFileReference; lastKnownFileType = text.plist.xml; path = Info.plist; sourceTree = "<group>"; };
		55F4DB3A2748A97F001C400B /* HackathonTests.xctest */ = {isa = PBXFileReference; explicitFileType = wrapper.cfbundle; includeInIndex = 0; path = HackathonTests.xctest; sourceTree = BUILT_PRODUCTS_DIR; };
		55F4DB3E2748A97F001C400B /* HackathonTests.swift */ = {isa = PBXFileReference; lastKnownFileType = sourcecode.swift; path = HackathonTests.swift; sourceTree = "<group>"; };
		55F4DB442748A97F001C400B /* HackathonUITests.xctest */ = {isa = PBXFileReference; explicitFileType = wrapper.cfbundle; includeInIndex = 0; path = HackathonUITests.xctest; sourceTree = BUILT_PRODUCTS_DIR; };
		55F4DB482748A97F001C400B /* HackathonUITests.swift */ = {isa = PBXFileReference; lastKnownFileType = sourcecode.swift; path = HackathonUITests.swift; sourceTree = "<group>"; };
		55F4DB4A2748A97F001C400B /* HackathonUITestsLaunchTests.swift */ = {isa = PBXFileReference; lastKnownFileType = sourcecode.swift; path = HackathonUITestsLaunchTests.swift; sourceTree = "<group>"; };
		55F4DB572748AA49001C400B /* Hackathon.entitlements */ = {isa = PBXFileReference; lastKnownFileType = text.plist.entitlements; path = Hackathon.entitlements; sourceTree = "<group>"; };
/* End PBXFileReference section */

/* Begin PBXFrameworksBuildPhase section */
		55F4DB1E2748A97E001C400B /* Frameworks */ = {
			isa = PBXFrameworksBuildPhase;
			buildActionMask = 2147483647;
			files = (
			);
			runOnlyForDeploymentPostprocessing = 0;
		};
		55F4DB372748A97F001C400B /* Frameworks */ = {
			isa = PBXFrameworksBuildPhase;
			buildActionMask = 2147483647;
			files = (
			);
			runOnlyForDeploymentPostprocessing = 0;
		};
		55F4DB412748A97F001C400B /* Frameworks */ = {
			isa = PBXFrameworksBuildPhase;
			buildActionMask = 2147483647;
			files = (
			);
			runOnlyForDeploymentPostprocessing = 0;
		};
/* End PBXFrameworksBuildPhase section */

/* Begin PBXGroup section */
		55F4DB182748A97E001C400B = {
			isa = PBXGroup;
			children = (
				55F4DB232748A97E001C400B /* Hackathon */,
				55F4DB3D2748A97F001C400B /* HackathonTests */,
				55F4DB472748A97F001C400B /* HackathonUITests */,
				55F4DB222748A97E001C400B /* Products */,
			);
			sourceTree = "<group>";
		};
		55F4DB222748A97E001C400B /* Products */ = {
			isa = PBXGroup;
			children = (
				55F4DB212748A97E001C400B /* Hackathon.app */,
				55F4DB3A2748A97F001C400B /* HackathonTests.xctest */,
				55F4DB442748A97F001C400B /* HackathonUITests.xctest */,
			);
			name = Products;
			sourceTree = "<group>";
		};
		55F4DB232748A97E001C400B /* Hackathon */ = {
			isa = PBXGroup;
			children = (
				55F4DB572748AA49001C400B /* Hackathon.entitlements */,
				55F4DB242748A97E001C400B /* AppDelegate.swift */,
				55F4DB262748A97E001C400B /* SceneDelegate.swift */,
				55F4DB282748A97E001C400B /* ViewController.swift */,
				55F4DB2A2748A97E001C400B /* Main.storyboard */,
				55F4DB302748A97F001C400B /* Assets.xcassets */,
				55F4DB322748A97F001C400B /* LaunchScreen.storyboard */,
				55F4DB352748A97F001C400B /* Info.plist */,
				55F4DB2D2748A97E001C400B /* Hackathon.xcdatamodeld */,
			);
			path = Hackathon;
			sourceTree = "<group>";
		};
		55F4DB3D2748A97F001C400B /* HackathonTests */ = {
			isa = PBXGroup;
			children = (
				55F4DB3E2748A97F001C400B /* HackathonTests.swift */,
			);
			path = HackathonTests;
			sourceTree = "<group>";
		};
		55F4DB472748A97F001C400B /* HackathonUITests */ = {
			isa = PBXGroup;
			children = (
				55F4DB482748A97F001C400B /* HackathonUITests.swift */,
				55F4DB4A2748A97F001C400B /* HackathonUITestsLaunchTests.swift */,
			);
			path = HackathonUITests;
			sourceTree = "<group>";
		};
/* End PBXGroup section */

/* Begin PBXNativeTarget section */
		55F4DB202748A97E001C400B /* Hackathon */ = {
			isa = PBXNativeTarget;
			buildConfigurationList = 55F4DB4E2748A97F001C400B /* Build configuration list for PBXNativeTarget "Hackathon" */;
			buildPhases = (
				55F4DB1D2748A97E001C400B /* Sources */,
				55F4DB1E2748A97E001C400B /* Frameworks */,
				55F4DB1F2748A97E001C400B /* Resources */,
			);
			buildRules = (
			);
			dependencies = (
			);
			name = Hackathon;
			productName = Hackathon;
			productReference = 55F4DB212748A97E001C400B /* Hackathon.app */;
			productType = "com.apple.product-type.application";
		};
		55F4DB392748A97F001C400B /* HackathonTests */ = {
			isa = PBXNativeTarget;
			buildConfigurationList = 55F4DB512748A97F001C400B /* Build configuration list for PBXNativeTarget "HackathonTests" */;
			buildPhases = (
				55F4DB362748A97F001C400B /* Sources */,
				55F4DB372748A97F001C400B /* Frameworks */,
				55F4DB382748A97F001C400B /* Resources */,
			);
			buildRules = (
			);
			dependencies = (
				55F4DB3C2748A97F001C400B /* PBXTargetDependency */,
			);
			name = HackathonTests;
			productName = HackathonTests;
			productReference = 55F4DB3A2748A97F001C400B /* HackathonTests.xctest */;
			productType = "com.apple.product-type.bundle.unit-test";
		};
		55F4DB432748A97F001C400B /* HackathonUITests */ = {
			isa = PBXNativeTarget;
			buildConfigurationList = 55F4DB542748A97F001C400B /* Build configuration list for PBXNativeTarget "HackathonUITests" */;
			buildPhases = (
				55F4DB402748A97F001C400B /* Sources */,
				55F4DB412748A97F001C400B /* Frameworks */,
				55F4DB422748A97F001C400B /* Resources */,
			);
			buildRules = (
			);
			dependencies = (
				55F4DB462748A97F001C400B /* PBXTargetDependency */,
			);
			name = HackathonUITests;
			productName = HackathonUITests;
			productReference = 55F4DB442748A97F001C400B /* HackathonUITests.xctest */;
			productType = "com.apple.product-type.bundle.ui-testing";
		};
/* End PBXNativeTarget section */

/* Begin PBXProject section */
		55F4DB192748A97E001C400B /* Project object */ = {
			isa = PBXProject;
			attributes = {
				BuildIndependentTargetsInParallel = 1;
				LastSwiftUpdateCheck = 1310;
				LastUpgradeCheck = 1310;
				TargetAttributes = {
					55F4DB202748A97E001C400B = {
						CreatedOnToolsVersion = 13.1;
					};
					55F4DB392748A97F001C400B = {
						CreatedOnToolsVersion = 13.1;
						TestTargetID = 55F4DB202748A97E001C400B;
					};
					55F4DB432748A97F001C400B = {
						CreatedOnToolsVersion = 13.1;
						TestTargetID = 55F4DB202748A97E001C400B;
					};
				};
			};
			buildConfigurationList = 55F4DB1C2748A97E001C400B /* Build configuration list for PBXProject "Hackathon" */;
			compatibilityVersion = "Xcode 13.0";
			developmentRegion = en;
			hasScannedForEncodings = 0;
			knownRegions = (
				en,
				Base,
			);
			mainGroup = 55F4DB182748A97E001C400B;
			productRefGroup = 55F4DB222748A97E001C400B /* Products */;
			projectDirPath = "";
			projectRoot = "";
			targets = (
				55F4DB202748A97E001C400B /* Hackathon */,
				55F4DB392748A97F001C400B /* HackathonTests */,
				55F4DB432748A97F001C400B /* HackathonUITests */,
			);
		};
/* End PBXProject section */

/* Begin PBXResourcesBuildPhase section */
		55F4DB1F2748A97E001C400B /* Resources */ = {
			isa = PBXResourcesBuildPhase;
			buildActionMask = 2147483647;
			files = (
				55F4DB342748A97F001C400B /* LaunchScreen.storyboard in Resources */,
				55F4DB312748A97F001C400B /* Assets.xcassets in Resources */,
				55F4DB2C2748A97E001C400B /* Main.storyboard in Resources */,
			);
			runOnlyForDeploymentPostprocessing = 0;
		};
		55F4DB382748A97F001C400B /* Resources */ = {
			isa = PBXResourcesBuildPhase;
			buildActionMask = 2147483647;
			files = (
			);
			runOnlyForDeploymentPostprocessing = 0;
		};
		55F4DB422748A97F001C400B /* Resources */ = {
			isa = PBXResourcesBuildPhase;
			buildActionMask = 2147483647;
			files = (
			);
			runOnlyForDeploymentPostprocessing = 0;
		};
/* End PBXResourcesBuildPhase section */

/* Begin PBXSourcesBuildPhase section */
		55F4DB1D2748A97E001C400B /* Sources */ = {
			isa = PBXSourcesBuildPhase;
			buildActionMask = 2147483647;
			files = (
				55F4DB292748A97E001C400B /* ViewController.swift in Sources */,
				55F4DB252748A97E001C400B /* AppDelegate.swift in Sources */,
				55F4DB272748A97E001C400B /* SceneDelegate.swift in Sources */,
				55F4DB2F2748A97E001C400B /* Hackathon.xcdatamodeld in Sources */,
			);
			runOnlyForDeploymentPostprocessing = 0;
		};
		55F4DB362748A97F001C400B /* Sources */ = {
			isa = PBXSourcesBuildPhase;
			buildActionMask = 2147483647;
			files = (
				55F4DB3F2748A97F001C400B /* HackathonTests.swift in Sources */,
			);
			runOnlyForDeploymentPostprocessing = 0;
		};
		55F4DB402748A97F001C400B /* Sources */ = {
			isa = PBXSourcesBuildPhase;
			buildActionMask = 2147483647;
			files = (
				55F4DB4B2748A97F001C400B /* HackathonUITestsLaunchTests.swift in Sources */,
				55F4DB492748A97F001C400B /* HackathonUITests.swift in Sources */,
			);
			runOnlyForDeploymentPostprocessing = 0;
		};
/* End PBXSourcesBuildPhase section */

/* Begin PBXTargetDependency section */
		55F4DB3C2748A97F001C400B /* PBXTargetDependency */ = {
			isa = PBXTargetDependency;
			target = 55F4DB202748A97E001C400B /* Hackathon */;
			targetProxy = 55F4DB3B2748A97F001C400B /* PBXContainerItemProxy */;
		};
		55F4DB462748A97F001C400B /* PBXTargetDependency */ = {
			isa = PBXTargetDependency;
			target = 55F4DB202748A97E001C400B /* Hackathon */;
			targetProxy = 55F4DB452748A97F001C400B /* PBXContainerItemProxy */;
		};
/* End PBXTargetDependency section */

/* Begin PBXVariantGroup section */
		55F4DB2A2748A97E001C400B /* Main.storyboard */ = {
			isa = PBXVariantGroup;
			children = (
				55F4DB2B2748A97E001C400B /* Base */,
			);
			name = Main.storyboard;
			sourceTree = "<group>";
		};
		55F4DB322748A97F001C400B /* LaunchScreen.storyboard */ = {
			isa = PBXVariantGroup;
			children = (
				55F4DB332748A97F001C400B /* Base */,
			);
			name = LaunchScreen.storyboard;
			sourceTree = "<group>";
		};
/* End PBXVariantGroup section */

/* Begin XCBuildConfiguration section */
		55F4DB4C2748A97F001C400B /* Debug */ = {
			isa = XCBuildConfiguration;
			buildSettings = {
				ALWAYS_SEARCH_USER_PATHS = NO;
				CLANG_ANALYZER_NONNULL = YES;
				CLANG_ANALYZER_NUMBER_OBJECT_CONVERSION = YES_AGGRESSIVE;
				CLANG_CXX_LANGUAGE_STANDARD = "gnu++17";
				CLANG_CXX_LIBRARY = "libc++";
				CLANG_ENABLE_MODULES = YES;
				CLANG_ENABLE_OBJC_ARC = YES;
				CLANG_ENABLE_OBJC_WEAK = YES;
				CLANG_WARN_BLOCK_CAPTURE_AUTORELEASING = YES;
				CLANG_WARN_BOOL_CONVERSION = YES;
				CLANG_WARN_COMMA = YES;
				CLANG_WARN_CONSTANT_CONVERSION = YES;
				CLANG_WARN_DEPRECATED_OBJC_IMPLEMENTATIONS = YES;
				CLANG_WARN_DIRECT_OBJC_ISA_USAGE = YES_ERROR;
				CLANG_WARN_DOCUMENTATION_COMMENTS = YES;
				CLANG_WARN_EMPTY_BODY = YES;
				CLANG_WARN_ENUM_CONVERSION = YES;
				CLANG_WARN_INFINITE_RECURSION = YES;
				CLANG_WARN_INT_CONVERSION = YES;
				CLANG_WARN_NON_LITERAL_NULL_CONVERSION = YES;
				CLANG_WARN_OBJC_IMPLICIT_RETAIN_SELF = YES;
				CLANG_WARN_OBJC_LITERAL_CONVERSION = YES;
				CLANG_WARN_OBJC_ROOT_CLASS = YES_ERROR;
				CLANG_WARN_QUOTED_INCLUDE_IN_FRAMEWORK_HEADER = YES;
				CLANG_WARN_RANGE_LOOP_ANALYSIS = YES;
				CLANG_WARN_STRICT_PROTOTYPES = YES;
				CLANG_WARN_SUSPICIOUS_MOVE = YES;
				CLANG_WARN_UNGUARDED_AVAILABILITY = YES_AGGRESSIVE;
				CLANG_WARN_UNREACHABLE_CODE = YES;
				CLANG_WARN__DUPLICATE_METHOD_MATCH = YES;
				COPY_PHASE_STRIP = NO;
				DEBUG_INFORMATION_FORMAT = dwarf;
				ENABLE_STRICT_OBJC_MSGSEND = YES;
				ENABLE_TESTABILITY = YES;
				GCC_C_LANGUAGE_STANDARD = gnu11;
				GCC_DYNAMIC_NO_PIC = NO;
				GCC_NO_COMMON_BLOCKS = YES;
				GCC_OPTIMIZATION_LEVEL = 0;
				GCC_PREPROCESSOR_DEFINITIONS = (
					"DEBUG=1",
					"$(inherited)",
				);
				GCC_WARN_64_TO_32_BIT_CONVERSION = YES;
				GCC_WARN_ABOUT_RETURN_TYPE = YES_ERROR;
				GCC_WARN_UNDECLARED_SELECTOR = YES;
				GCC_WARN_UNINITIALIZED_AUTOS = YES_AGGRESSIVE;
				GCC_WARN_UNUSED_FUNCTION = YES;
				GCC_WARN_UNUSED_VARIABLE = YES;
				IPHONEOS_DEPLOYMENT_TARGET = 15.0;
				MTL_ENABLE_DEBUG_INFO = INCLUDE_SOURCE;
				MTL_FAST_MATH = YES;
				ONLY_ACTIVE_ARCH = YES;
				SDKROOT = iphoneos;
				SWIFT_ACTIVE_COMPILATION_CONDITIONS = DEBUG;
				SWIFT_OPTIMIZATION_LEVEL = "-Onone";
			};
			name = Debug;
		};
		55F4DB4D2748A97F001C400B /* Release */ = {
			isa = XCBuildConfiguration;
			buildSettings = {
				ALWAYS_SEARCH_USER_PATHS = NO;
				CLANG_ANALYZER_NONNULL = YES;
				CLANG_ANALYZER_NUMBER_OBJECT_CONVERSION = YES_AGGRESSIVE;
				CLANG_CXX_LANGUAGE_STANDARD = "gnu++17";
				CLANG_CXX_LIBRARY = "libc++";
				CLANG_ENABLE_MODULES = YES;
				CLANG_ENABLE_OBJC_ARC = YES;
				CLANG_ENABLE_OBJC_WEAK = YES;
				CLANG_WARN_BLOCK_CAPTURE_AUTORELEASING = YES;
				CLANG_WARN_BOOL_CONVERSION = YES;
				CLANG_WARN_COMMA = YES;
				CLANG_WARN_CONSTANT_CONVERSION = YES;
				CLANG_WARN_DEPRECATED_OBJC_IMPLEMENTATIONS = YES;
				CLANG_WARN_DIRECT_OBJC_ISA_USAGE = YES_ERROR;
				CLANG_WARN_DOCUMENTATION_COMMENTS = YES;
				CLANG_WARN_EMPTY_BODY = YES;
				CLANG_WARN_ENUM_CONVERSION = YES;
				CLANG_WARN_INFINITE_RECURSION = YES;
				CLANG_WARN_INT_CONVERSION = YES;
				CLANG_WARN_NON_LITERAL_NULL_CONVERSION = YES;
				CLANG_WARN_OBJC_IMPLICIT_RETAIN_SELF = YES;
				CLANG_WARN_OBJC_LITERAL_CONVERSION = YES;
				CLANG_WARN_OBJC_ROOT_CLASS = YES_ERROR;
				CLANG_WARN_QUOTED_INCLUDE_IN_FRAMEWORK_HEADER = YES;
				CLANG_WARN_RANGE_LOOP_ANALYSIS = YES;
				CLANG_WARN_STRICT_PROTOTYPES = YES;
				CLANG_WARN_SUSPICIOUS_MOVE = YES;
				CLANG_WARN_UNGUARDED_AVAILABILITY = YES_AGGRESSIVE;
				CLANG_WARN_UNREACHABLE_CODE = YES;
				CLANG_WARN__DUPLICATE_METHOD_MATCH = YES;
				COPY_PHASE_STRIP = NO;
				DEBUG_INFORMATION_FORMAT = "dwarf-with-dsym";
				ENABLE_NS_ASSERTIONS = NO;
				ENABLE_STRICT_OBJC_MSGSEND = YES;
				GCC_C_LANGUAGE_STANDARD = gnu11;
				GCC_NO_COMMON_BLOCKS = YES;
				GCC_WARN_64_TO_32_BIT_CONVERSION = YES;
				GCC_WARN_ABOUT_RETURN_TYPE = YES_ERROR;
				GCC_WARN_UNDECLARED_SELECTOR = YES;
				GCC_WARN_UNINITIALIZED_AUTOS = YES_AGGRESSIVE;
				GCC_WARN_UNUSED_FUNCTION = YES;
				GCC_WARN_UNUSED_VARIABLE = YES;
				IPHONEOS_DEPLOYMENT_TARGET = 15.0;
				MTL_ENABLE_DEBUG_INFO = NO;
				MTL_FAST_MATH = YES;
				SDKROOT = iphoneos;
				SWIFT_COMPILATION_MODE = wholemodule;
				SWIFT_OPTIMIZATION_LEVEL = "-O";
				VALIDATE_PRODUCT = YES;
			};
			name = Release;
		};
		55F4DB4F2748A97F001C400B /* Debug */ = {
			isa = XCBuildConfiguration;
			buildSettings = {
				ASSETCATALOG_COMPILER_APPICON_NAME = AppIcon;
				ASSETCATALOG_COMPILER_GLOBAL_ACCENT_COLOR_NAME = AccentColor;
				CODE_SIGN_ENTITLEMENTS = Hackathon/Hackathon.entitlements;
				CODE_SIGN_STYLE = Automatic;
				CURRENT_PROJECT_VERSION = 1;
				DEVELOPMENT_TEAM = DY4A4NG5NU;
				GENERATE_INFOPLIST_FILE = YES;
				INFOPLIST_FILE = Hackathon/Info.plist;
				INFOPLIST_KEY_UIApplicationSupportsIndirectInputEvents = YES;
				INFOPLIST_KEY_UILaunchStoryboardName = LaunchScreen;
				INFOPLIST_KEY_UIMainStoryboardFile = Main;
				INFOPLIST_KEY_UISupportedInterfaceOrientations = UIInterfaceOrientationPortrait;
				INFOPLIST_KEY_UISupportedInterfaceOrientations_iPad = "UIInterfaceOrientationPortrait UIInterfaceOrientationPortraitUpsideDown UIInterfaceOrientationLandscapeLeft UIInterfaceOrientationLandscapeRight";
				INFOPLIST_KEY_UISupportedInterfaceOrientations_iPhone = "UIInterfaceOrientationPortrait UIInterfaceOrientationLandscapeLeft UIInterfaceOrientationLandscapeRight";
				LD_RUNPATH_SEARCH_PATHS = (
					"$(inherited)",
					"@executable_path/Frameworks",
				);
				MARKETING_VERSION = 1.0;
				PRODUCT_BUNDLE_IDENTIFIER = hotzfellas.Hackathon;
				PRODUCT_NAME = "$(TARGET_NAME)";
				SWIFT_EMIT_LOC_STRINGS = YES;
				SWIFT_VERSION = 5.0;
				TARGETED_DEVICE_FAMILY = "1,2";
			};
			name = Debug;
		};
		55F4DB502748A97F001C400B /* Release */ = {
			isa = XCBuildConfiguration;
			buildSettings = {
				ASSETCATALOG_COMPILER_APPICON_NAME = AppIcon;
				ASSETCATALOG_COMPILER_GLOBAL_ACCENT_COLOR_NAME = AccentColor;
				CODE_SIGN_ENTITLEMENTS = Hackathon/Hackathon.entitlements;
				CODE_SIGN_STYLE = Automatic;
				CURRENT_PROJECT_VERSION = 1;
				DEVELOPMENT_TEAM = DY4A4NG5NU;
				GENERATE_INFOPLIST_FILE = YES;
				INFOPLIST_FILE = Hackathon/Info.plist;
				INFOPLIST_KEY_UIApplicationSupportsIndirectInputEvents = YES;
				INFOPLIST_KEY_UILaunchStoryboardName = LaunchScreen;
				INFOPLIST_KEY_UIMainStoryboardFile = Main;
				INFOPLIST_KEY_UISupportedInterfaceOrientations = UIInterfaceOrientationPortrait;
				INFOPLIST_KEY_UISupportedInterfaceOrientations_iPad = "UIInterfaceOrientationPortrait UIInterfaceOrientationPortraitUpsideDown UIInterfaceOrientationLandscapeLeft UIInterfaceOrientationLandscapeRight";
				INFOPLIST_KEY_UISupportedInterfaceOrientations_iPhone = "UIInterfaceOrientationPortrait UIInterfaceOrientationLandscapeLeft UIInterfaceOrientationLandscapeRight";
				LD_RUNPATH_SEARCH_PATHS = (
					"$(inherited)",
					"@executable_path/Frameworks",
				);
				MARKETING_VERSION = 1.0;
				PRODUCT_BUNDLE_IDENTIFIER = hotzfellas.Hackathon;
				PRODUCT_NAME = "$(TARGET_NAME)";
				SWIFT_EMIT_LOC_STRINGS = YES;
				SWIFT_VERSION = 5.0;
				TARGETED_DEVICE_FAMILY = "1,2";
			};
			name = Release;
		};
		55F4DB522748A97F001C400B /* Debug */ = {
			isa = XCBuildConfiguration;
			buildSettings = {
				ALWAYS_EMBED_SWIFT_STANDARD_LIBRARIES = YES;
				BUNDLE_LOADER = "$(TEST_HOST)";
				CODE_SIGN_STYLE = Automatic;
				CURRENT_PROJECT_VERSION = 1;
				GENERATE_INFOPLIST_FILE = YES;
				IPHONEOS_DEPLOYMENT_TARGET = 15.0;
				LD_RUNPATH_SEARCH_PATHS = (
					"$(inherited)",
					"@executable_path/Frameworks",
					"@loader_path/Frameworks",
				);
				MARKETING_VERSION = 1.0;
				PRODUCT_BUNDLE_IDENTIFIER = hotzfellas.HackathonTests;
				PRODUCT_NAME = "$(TARGET_NAME)";
				SWIFT_EMIT_LOC_STRINGS = NO;
				SWIFT_VERSION = 5.0;
				TARGETED_DEVICE_FAMILY = "1,2";
				TEST_HOST = "$(BUILT_PRODUCTS_DIR)/Hackathon.app/Hackathon";
			};
			name = Debug;
		};
		55F4DB532748A97F001C400B /* Release */ = {
			isa = XCBuildConfiguration;
			buildSettings = {
				ALWAYS_EMBED_SWIFT_STANDARD_LIBRARIES = YES;
				BUNDLE_LOADER = "$(TEST_HOST)";
				CODE_SIGN_STYLE = Automatic;
				CURRENT_PROJECT_VERSION = 1;
				GENERATE_INFOPLIST_FILE = YES;
				IPHONEOS_DEPLOYMENT_TARGET = 15.0;
				LD_RUNPATH_SEARCH_PATHS = (
					"$(inherited)",
					"@executable_path/Frameworks",
					"@loader_path/Frameworks",
				);
				MARKETING_VERSION = 1.0;
				PRODUCT_BUNDLE_IDENTIFIER = hotzfellas.HackathonTests;
				PRODUCT_NAME = "$(TARGET_NAME)";
				SWIFT_EMIT_LOC_STRINGS = NO;
				SWIFT_VERSION = 5.0;
				TARGETED_DEVICE_FAMILY = "1,2";
				TEST_HOST = "$(BUILT_PRODUCTS_DIR)/Hackathon.app/Hackathon";
			};
			name = Release;
		};
		55F4DB552748A97F001C400B /* Debug */ = {
			isa = XCBuildConfiguration;
			buildSettings = {
				ALWAYS_EMBED_SWIFT_STANDARD_LIBRARIES = YES;
				CODE_SIGN_STYLE = Automatic;
				CURRENT_PROJECT_VERSION = 1;
				GENERATE_INFOPLIST_FILE = YES;
				LD_RUNPATH_SEARCH_PATHS = (
					"$(inherited)",
					"@executable_path/Frameworks",
					"@loader_path/Frameworks",
				);
				MARKETING_VERSION = 1.0;
				PRODUCT_BUNDLE_IDENTIFIER = hotzfellas.HackathonUITests;
				PRODUCT_NAME = "$(TARGET_NAME)";
				SWIFT_EMIT_LOC_STRINGS = NO;
				SWIFT_VERSION = 5.0;
				TARGETED_DEVICE_FAMILY = "1,2";
				TEST_TARGET_NAME = Hackathon;
			};
			name = Debug;
		};
		55F4DB562748A97F001C400B /* Release */ = {
			isa = XCBuildConfiguration;
			buildSettings = {
				ALWAYS_EMBED_SWIFT_STANDARD_LIBRARIES = YES;
				CODE_SIGN_STYLE = Automatic;
				CURRENT_PROJECT_VERSION = 1;
				GENERATE_INFOPLIST_FILE = YES;
				LD_RUNPATH_SEARCH_PATHS = (
					"$(inherited)",
					"@executable_path/Frameworks",
					"@loader_path/Frameworks",
				);
				MARKETING_VERSION = 1.0;
				PRODUCT_BUNDLE_IDENTIFIER = hotzfellas.HackathonUITests;
				PRODUCT_NAME = "$(TARGET_NAME)";
				SWIFT_EMIT_LOC_STRINGS = NO;
				SWIFT_VERSION = 5.0;
				TARGETED_DEVICE_FAMILY = "1,2";
				TEST_TARGET_NAME = Hackathon;
			};
			name = Release;
		};
/* End XCBuildConfiguration section */

/* Begin XCConfigurationList section */
		55F4DB1C2748A97E001C400B /* Build configuration list for PBXProject "Hackathon" */ = {
			isa = XCConfigurationList;
			buildConfigurations = (
				55F4DB4C2748A97F001C400B /* Debug */,
				55F4DB4D2748A97F001C400B /* Release */,
			);
			defaultConfigurationIsVisible = 0;
			defaultConfigurationName = Release;
		};
		55F4DB4E2748A97F001C400B /* Build configuration list for PBXNativeTarget "Hackathon" */ = {
			isa = XCConfigurationList;
			buildConfigurations = (
				55F4DB4F2748A97F001C400B /* Debug */,
				55F4DB502748A97F001C400B /* Release */,
			);
			defaultConfigurationIsVisible = 0;
			defaultConfigurationName = Release;
		};
		55F4DB512748A97F001C400B /* Build configuration list for PBXNativeTarget "HackathonTests" */ = {
			isa = XCConfigurationList;
			buildConfigurations = (
				55F4DB522748A97F001C400B /* Debug */,
				55F4DB532748A97F001C400B /* Release */,
			);
			defaultConfigurationIsVisible = 0;
			defaultConfigurationName = Release;
		};
		55F4DB542748A97F001C400B /* Build configuration list for PBXNativeTarget "HackathonUITests" */ = {
			isa = XCConfigurationList;
			buildConfigurations = (
				55F4DB552748A97F001C400B /* Debug */,
				55F4DB562748A97F001C400B /* Release */,
			);
			defaultConfigurationIsVisible = 0;
			defaultConfigurationName = Release;
		};
/* End XCConfigurationList section */

/* Begin XCVersionGroup section */
		55F4DB2D2748A97E001C400B /* Hackathon.xcdatamodeld */ = {
			isa = XCVersionGroup;
			children = (
				55F4DB2E2748A97E001C400B /* Hackathon.xcdatamodel */,
			);
			currentVersion = 55F4DB2E2748A97E001C400B /* Hackathon.xcdatamodel */;
			path = Hackathon.xcdatamodeld;
			sourceTree = "<group>";
			versionGroupType = wrapper.xcdatamodel;
		};
/* End XCVersionGroup section */
	};
	rootObject = 55F4DB192748A97E001C400B /* Project object */;
}
